
Microsoft Visual Studio Solution File, Format Version 12.00
# Visual Studio Version 17
VisualStudioVersion = 17.11.35327.3
MinimumVisualStudioVersion = 10.0.40219.1
Project("{FAE04EC0-301F-11D3-BF4B-00C04F79EFBC}") = "ParteUno", "ParteUno\ParteUno.csproj", "{2DCBD75F-A1C1-46A9-A8D1-9C3C3F601CAD}"
EndProject
Global
	GlobalSection(SolutionConfigurationPlatforms) = preSolution
		Debug|Any CPU = Debug|Any CPU
		Release|Any CPU = Release|Any CPU
	EndGlobalSection
	GlobalSection(ProjectConfigurationPlatforms) = postSolution
		{2DCBD75F-A1C1-46A9-A8D1-9C3C3F601CAD}.Debug|Any CPU.ActiveCfg = Debug|Any CPU
		{2DCBD75F-A1C1-46A9-A8D1-9C3C3F601CAD}.Debug|Any CPU.Build.0 = Debug|Any CPU
		{2DCBD75F-A1C1-46A9-A8D1-9C3C3F601CAD}.Release|Any CPU.ActiveCfg = Release|Any CPU
		{2DCBD75F-A1C1-46A9-A8D1-9C3C3F601CAD}.Release|Any CPU.Build.0 = Release|Any CPU
	EndGlobalSection
	GlobalSection(SolutionProperties) = preSolution
		HideSolutionNode = FALSE
	EndGlobalSection
	GlobalSection(ExtensibilityGlobals) = postSolution
		SolutionGuid = {0DC819B9-A5A9-45F6-BF4E-78B374479C05}
	EndGlobalSection
EndGlobal
