
Microsoft Visual Studio Solution File, Format Version 12.00
# Visual Studio Version 17
VisualStudioVersion = 17.11.35327.3
MinimumVisualStudioVersion = 10.0.40219.1
Project("{FAE04EC0-301F-11D3-BF4B-00C04F79EFBC}") = "PruebaTecnicaPrinter", "PruebaTecnicaPrinter\PruebaTecnicaPrinter.csproj", "{E9D15F10-6298-409F-B980-EB34DC88B68C}"
EndProject
Global
	GlobalSection(SolutionConfigurationPlatforms) = preSolution
		Debug|Any CPU = Debug|Any CPU
		Release|Any CPU = Release|Any CPU
	EndGlobalSection
	GlobalSection(ProjectConfigurationPlatforms) = postSolution
		{E9D15F10-6298-409F-B980-EB34DC88B68C}.Debug|Any CPU.ActiveCfg = Debug|Any CPU
		{E9D15F10-6298-409F-B980-EB34DC88B68C}.Debug|Any CPU.Build.0 = Debug|Any CPU
		{E9D15F10-6298-409F-B980-EB34DC88B68C}.Release|Any CPU.ActiveCfg = Release|Any CPU
		{E9D15F10-6298-409F-B980-EB34DC88B68C}.Release|Any CPU.Build.0 = Release|Any CPU
	EndGlobalSection
	GlobalSection(SolutionProperties) = preSolution
		HideSolutionNode = FALSE
	EndGlobalSection
	GlobalSection(ExtensibilityGlobals) = postSolution
		SolutionGuid = {CDBA87B6-3B67-4A82-842C-00E185D334E3}
	EndGlobalSection
EndGlobal
